
Microsoft Visual Studio Solution File, Format Version 12.00
# Visual Studio Version 17
VisualStudioVersion = 17.9.34622.214
MinimumVisualStudioVersion = 10.0.40219.1
Project("{9A19103F-16F7-4668-BE54-9A1E7A4F7556}") = "DashboardFinnhub", "DashboardFinnhub.csproj", "{63144DFC-B0DC-438D-B22C-6952A2433600}"
EndProject
Project("{FAE04EC0-301F-11D3-BF4B-00C04F79EFBC}") = "Services", "..\Services\Services.csproj", "{72E427D6-3A7B-4CB9-AB82-DBB87A8A99EE}"
EndProject
Global
	GlobalSection(SolutionConfigurationPlatforms) = preSolution
		Debug|Any CPU = Debug|Any CPU
		Release|Any CPU = Release|Any CPU
	EndGlobalSection
	GlobalSection(ProjectConfigurationPlatforms) = postSolution
		{63144DFC-B0DC-438D-B22C-6952A2433600}.Debug|Any CPU.ActiveCfg = Debug|Any CPU
		{63144DFC-B0DC-438D-B22C-6952A2433600}.Debug|Any CPU.Build.0 = Debug|Any CPU
		{63144DFC-B0DC-438D-B22C-6952A2433600}.Release|Any CPU.ActiveCfg = Release|Any CPU
		{63144DFC-B0DC-438D-B22C-6952A2433600}.Release|Any CPU.Build.0 = Release|Any CPU
		{72E427D6-3A7B-4CB9-AB82-DBB87A8A99EE}.Debug|Any CPU.ActiveCfg = Debug|Any CPU
		{72E427D6-3A7B-4CB9-AB82-DBB87A8A99EE}.Debug|Any CPU.Build.0 = Debug|Any CPU
		{72E427D6-3A7B-4CB9-AB82-DBB87A8A99EE}.Release|Any CPU.ActiveCfg = Release|Any CPU
		{72E427D6-3A7B-4CB9-AB82-DBB87A8A99EE}.Release|Any CPU.Build.0 = Release|Any CPU
	EndGlobalSection
	GlobalSection(SolutionProperties) = preSolution
		HideSolutionNode = FALSE
	EndGlobalSection
	GlobalSection(ExtensibilityGlobals) = postSolution
		SolutionGuid = {D9A42EA7-882B-4BD3-B4E7-9E87BB2B05D8}
	EndGlobalSection
EndGlobal
